// !$*UTF8*$!
{
	archiveVersion = 1;
	classes = {
	};
	objectVersion = 52;
	objects = {

/* Begin PBXBuildFile section */
		D600D9FC249EA49C000A5170 /* AppDelegate.swift in Sources */ = {isa = PBXBuildFile; fileRef = D600D9FB249EA49C000A5170 /* AppDelegate.swift */; };
		D600D9FE249EA49C000A5170 /* ContentView.swift in Sources */ = {isa = PBXBuildFile; fileRef = D600D9FD249EA49C000A5170 /* ContentView.swift */; };
		D600DA00249EA49D000A5170 /* Assets.xcassets in Resources */ = {isa = PBXBuildFile; fileRef = D600D9FF249EA49D000A5170 /* Assets.xcassets */; };
		D600DA03249EA49D000A5170 /* Preview Assets.xcassets in Resources */ = {isa = PBXBuildFile; fileRef = D600DA02249EA49D000A5170 /* Preview Assets.xcassets */; };
		D600DA06249EA49D000A5170 /* Main.storyboard in Resources */ = {isa = PBXBuildFile; fileRef = D600DA04249EA49D000A5170 /* Main.storyboard */; };
		D600DA12249EA49D000A5170 /* swiftUI_CurrencyconvertTests.swift in Sources */ = {isa = PBXBuildFile; fileRef = D600DA11249EA49D000A5170 /* swiftUI_CurrencyconvertTests.swift */; };
		D600DA1D249EA49D000A5170 /* swiftUI_CurrencyconvertUITests.swift in Sources */ = {isa = PBXBuildFile; fileRef = D600DA1C249EA49D000A5170 /* swiftUI_CurrencyconvertUITests.swift */; };
		D600DA2C249EAD81000A5170 /* TinyNetworking in Frameworks */ = {isa = PBXBuildFile; productRef = D600DA2B249EAD81000A5170 /* TinyNetworking */; };
/* End PBXBuildFile section */

/* Begin PBXContainerItemProxy section */
		D600DA0E249EA49D000A5170 /* PBXContainerItemProxy */ = {
			isa = PBXContainerItemProxy;
			containerPortal = D600D9F0249EA49C000A5170 /* Project object */;
			proxyType = 1;
			remoteGlobalIDString = D600D9F7249EA49C000A5170;
			remoteInfo = "swiftUI-Currencyconvert";
		};
		D600DA19249EA49D000A5170 /* PBXContainerItemProxy */ = {
			isa = PBXContainerItemProxy;
			containerPortal = D600D9F0249EA49C000A5170 /* Project object */;
			proxyType = 1;
			remoteGlobalIDString = D600D9F7249EA49C000A5170;
			remoteInfo = "swiftUI-Currencyconvert";
		};
/* End PBXContainerItemProxy section */

/* Begin PBXFileReference section */
		D600D9F8249EA49C000A5170 /* swiftUI-Currencyconvert.app */ = {isa = PBXFileReference; explicitFileType = wrapper.application; includeInIndex = 0; path = "swiftUI-Currencyconvert.app"; sourceTree = BUILT_PRODUCTS_DIR; };
		D600D9FB249EA49C000A5170 /* AppDelegate.swift */ = {isa = PBXFileReference; lastKnownFileType = sourcecode.swift; path = AppDelegate.swift; sourceTree = "<group>"; };
		D600D9FD249EA49C000A5170 /* ContentView.swift */ = {isa = PBXFileReference; lastKnownFileType = sourcecode.swift; path = ContentView.swift; sourceTree = "<group>"; };
		D600D9FF249EA49D000A5170 /* Assets.xcassets */ = {isa = PBXFileReference; lastKnownFileType = folder.assetcatalog; path = Assets.xcassets; sourceTree = "<group>"; };
		D600DA02249EA49D000A5170 /* Preview Assets.xcassets */ = {isa = PBXFileReference; lastKnownFileType = folder.assetcatalog; path = "Preview Assets.xcassets"; sourceTree = "<group>"; };
		D600DA05249EA49D000A5170 /* Base */ = {isa = PBXFileReference; lastKnownFileType = file.storyboard; name = Base; path = Base.lproj/Main.storyboard; sourceTree = "<group>"; };
		D600DA07249EA49D000A5170 /* Info.plist */ = {isa = PBXFileReference; lastKnownFileType = text.plist.xml; path = Info.plist; sourceTree = "<group>"; };
		D600DA08249EA49D000A5170 /* swiftUI_Currencyconvert.entitlements */ = {isa = PBXFileReference; lastKnownFileType = text.plist.entitlements; path = swiftUI_Currencyconvert.entitlements; sourceTree = "<group>"; };
		D600DA0D249EA49D000A5170 /* swiftUI-CurrencyconvertTests.xctest */ = {isa = PBXFileReference; explicitFileType = wrapper.cfbundle; includeInIndex = 0; path = "swiftUI-CurrencyconvertTests.xctest"; sourceTree = BUILT_PRODUCTS_DIR; };
		D600DA11249EA49D000A5170 /* swiftUI_CurrencyconvertTests.swift */ = {isa = PBXFileReference; lastKnownFileType = sourcecode.swift; path = swiftUI_CurrencyconvertTests.swift; sourceTree = "<group>"; };
		D600DA13249EA49D000A5170 /* Info.plist */ = {isa = PBXFileReference; lastKnownFileType = text.plist.xml; path = Info.plist; sourceTree = "<group>"; };
		D600DA18249EA49D000A5170 /* swiftUI-CurrencyconvertUITests.xctest */ = {isa = PBXFileReference; explicitFileType = wrapper.cfbundle; includeInIndex = 0; path = "swiftUI-CurrencyconvertUITests.xctest"; sourceTree = BUILT_PRODUCTS_DIR; };
		D600DA1C249EA49D000A5170 /* swiftUI_CurrencyconvertUITests.swift */ = {isa = PBXFileReference; lastKnownFileType = sourcecode.swift; path = swiftUI_CurrencyconvertUITests.swift; sourceTree = "<group>"; };
		D600DA1E249EA49D000A5170 /* Info.plist */ = {isa = PBXFileReference; lastKnownFileType = text.plist.xml; path = Info.plist; sourceTree = "<group>"; };
/* End PBXFileReference section */

/* Begin PBXFrameworksBuildPhase section */
		D600D9F5249EA49C000A5170 /* Frameworks */ = {
			isa = PBXFrameworksBuildPhase;
			buildActionMask = 2147483647;
			files = (
				D600DA2C249EAD81000A5170 /* TinyNetworking in Frameworks */,
			);
			runOnlyForDeploymentPostprocessing = 0;
		};
		D600DA0A249EA49D000A5170 /* Frameworks */ = {
			isa = PBXFrameworksBuildPhase;
			buildActionMask = 2147483647;
			files = (
			);
			runOnlyForDeploymentPostprocessing = 0;
		};
		D600DA15249EA49D000A5170 /* Frameworks */ = {
			isa = PBXFrameworksBuildPhase;
			buildActionMask = 2147483647;
			files = (
			);
			runOnlyForDeploymentPostprocessing = 0;
		};
/* End PBXFrameworksBuildPhase section */

/* Begin PBXGroup section */
		D600D9EF249EA49C000A5170 = {
			isa = PBXGroup;
			children = (
				D600D9FA249EA49C000A5170 /* swiftUI-Currencyconvert */,
				D600DA10249EA49D000A5170 /* swiftUI-CurrencyconvertTests */,
				D600DA1B249EA49D000A5170 /* swiftUI-CurrencyconvertUITests */,
				D600D9F9249EA49C000A5170 /* Products */,
			);
			sourceTree = "<group>";
		};
		D600D9F9249EA49C000A5170 /* Products */ = {
			isa = PBXGroup;
			children = (
				D600D9F8249EA49C000A5170 /* swiftUI-Currencyconvert.app */,
				D600DA0D249EA49D000A5170 /* swiftUI-CurrencyconvertTests.xctest */,
				D600DA18249EA49D000A5170 /* swiftUI-CurrencyconvertUITests.xctest */,
			);
			name = Products;
			sourceTree = "<group>";
		};
		D600D9FA249EA49C000A5170 /* swiftUI-Currencyconvert */ = {
			isa = PBXGroup;
			children = (
				D600D9FB249EA49C000A5170 /* AppDelegate.swift */,
				D600D9FD249EA49C000A5170 /* ContentView.swift */,
				D600D9FF249EA49D000A5170 /* Assets.xcassets */,
				D600DA04249EA49D000A5170 /* Main.storyboard */,
				D600DA07249EA49D000A5170 /* Info.plist */,
				D600DA08249EA49D000A5170 /* swiftUI_Currencyconvert.entitlements */,
				D600DA01249EA49D000A5170 /* Preview Content */,
			);
			path = "swiftUI-Currencyconvert";
			sourceTree = "<group>";
		};
		D600DA01249EA49D000A5170 /* Preview Content */ = {
			isa = PBXGroup;
			children = (
				D600DA02249EA49D000A5170 /* Preview Assets.xcassets */,
			);
			path = "Preview Content";
			sourceTree = "<group>";
		};
		D600DA10249EA49D000A5170 /* swiftUI-CurrencyconvertTests */ = {
			isa = PBXGroup;
			children = (
				D600DA11249EA49D000A5170 /* swiftUI_CurrencyconvertTests.swift */,
				D600DA13249EA49D000A5170 /* Info.plist */,
			);
			path = "swiftUI-CurrencyconvertTests";
			sourceTree = "<group>";
		};
		D600DA1B249EA49D000A5170 /* swiftUI-CurrencyconvertUITests */ = {
			isa = PBXGroup;
			children = (
				D600DA1C249EA49D000A5170 /* swiftUI_CurrencyconvertUITests.swift */,
				D600DA1E249EA49D000A5170 /* Info.plist */,
			);
			path = "swiftUI-CurrencyconvertUITests";
			sourceTree = "<group>";
		};
/* End PBXGroup section */

/* Begin PBXNativeTarget section */
		D600D9F7249EA49C000A5170 /* swiftUI-Currencyconvert */ = {
			isa = PBXNativeTarget;
			buildConfigurationList = D600DA21249EA49D000A5170 /* Build configuration list for PBXNativeTarget "swiftUI-Currencyconvert" */;
			buildPhases = (
				D600D9F4249EA49C000A5170 /* Sources */,
				D600D9F5249EA49C000A5170 /* Frameworks */,
				D600D9F6249EA49C000A5170 /* Resources */,
			);
			buildRules = (
			);
			dependencies = (
			);
			name = "swiftUI-Currencyconvert";
			packageProductDependencies = (
				D600DA2B249EAD81000A5170 /* TinyNetworking */,
			);
			productName = "swiftUI-Currencyconvert";
			productReference = D600D9F8249EA49C000A5170 /* swiftUI-Currencyconvert.app */;
			productType = "com.apple.product-type.application";
		};
		D600DA0C249EA49D000A5170 /* swiftUI-CurrencyconvertTests */ = {
			isa = PBXNativeTarget;
			buildConfigurationList = D600DA24249EA49D000A5170 /* Build configuration list for PBXNativeTarget "swiftUI-CurrencyconvertTests" */;
			buildPhases = (
				D600DA09249EA49D000A5170 /* Sources */,
				D600DA0A249EA49D000A5170 /* Frameworks */,
				D600DA0B249EA49D000A5170 /* Resources */,
			);
			buildRules = (
			);
			dependencies = (
				D600DA0F249EA49D000A5170 /* PBXTargetDependency */,
			);
			name = "swiftUI-CurrencyconvertTests";
			productName = "swiftUI-CurrencyconvertTests";
			productReference = D600DA0D249EA49D000A5170 /* swiftUI-CurrencyconvertTests.xctest */;
			productType = "com.apple.product-type.bundle.unit-test";
		};
		D600DA17249EA49D000A5170 /* swiftUI-CurrencyconvertUITests */ = {
			isa = PBXNativeTarget;
			buildConfigurationList = D600DA27249EA49D000A5170 /* Build configuration list for PBXNativeTarget "swiftUI-CurrencyconvertUITests" */;
			buildPhases = (
				D600DA14249EA49D000A5170 /* Sources */,
				D600DA15249EA49D000A5170 /* Frameworks */,
				D600DA16249EA49D000A5170 /* Resources */,
			);
			buildRules = (
			);
			dependencies = (
				D600DA1A249EA49D000A5170 /* PBXTargetDependency */,
			);
			name = "swiftUI-CurrencyconvertUITests";
			productName = "swiftUI-CurrencyconvertUITests";
			productReference = D600DA18249EA49D000A5170 /* swiftUI-CurrencyconvertUITests.xctest */;
			productType = "com.apple.product-type.bundle.ui-testing";
		};
/* End PBXNativeTarget section */

/* Begin PBXProject section */
		D600D9F0249EA49C000A5170 /* Project object */ = {
			isa = PBXProject;
			attributes = {
				LastSwiftUpdateCheck = 1150;
				LastUpgradeCheck = 1150;
				ORGANIZATIONNAME = "Daniel Bernal";
				TargetAttributes = {
					D600D9F7249EA49C000A5170 = {
						CreatedOnToolsVersion = 11.5;
					};
					D600DA0C249EA49D000A5170 = {
						CreatedOnToolsVersion = 11.5;
						TestTargetID = D600D9F7249EA49C000A5170;
					};
					D600DA17249EA49D000A5170 = {
						CreatedOnToolsVersion = 11.5;
						TestTargetID = D600D9F7249EA49C000A5170;
					};
				};
			};
			buildConfigurationList = D600D9F3249EA49C000A5170 /* Build configuration list for PBXProject "swiftUI-Currencyconvert" */;
			compatibilityVersion = "Xcode 9.3";
			developmentRegion = en;
			hasScannedForEncodings = 0;
			knownRegions = (
				en,
				Base,
			);
			mainGroup = D600D9EF249EA49C000A5170;
			packageReferences = (
				D600DA2A249EAD81000A5170 /* XCRemoteSwiftPackageReference "tiny-networking" */,
			);
			productRefGroup = D600D9F9249EA49C000A5170 /* Products */;
			projectDirPath = "";
			projectRoot = "";
			targets = (
				D600D9F7249EA49C000A5170 /* swiftUI-Currencyconvert */,
				D600DA0C249EA49D000A5170 /* swiftUI-CurrencyconvertTests */,
				D600DA17249EA49D000A5170 /* swiftUI-CurrencyconvertUITests */,
			);
		};
/* End PBXProject section */

/* Begin PBXResourcesBuildPhase section */
		D600D9F6249EA49C000A5170 /* Resources */ = {
			isa = PBXResourcesBuildPhase;
			buildActionMask = 2147483647;
			files = (
				D600DA06249EA49D000A5170 /* Main.storyboard in Resources */,
				D600DA03249EA49D000A5170 /* Preview Assets.xcassets in Resources */,
				D600DA00249EA49D000A5170 /* Assets.xcassets in Resources */,
			);
			runOnlyForDeploymentPostprocessing = 0;
		};
		D600DA0B249EA49D000A5170 /* Resources */ = {
			isa = PBXResourcesBuildPhase;
			buildActionMask = 2147483647;
			files = (
			);
			runOnlyForDeploymentPostprocessing = 0;
		};
		D600DA16249EA49D000A5170 /* Resources */ = {
			isa = PBXResourcesBuildPhase;
			buildActionMask = 2147483647;
			files = (
			);
			runOnlyForDeploymentPostprocessing = 0;
		};
/* End PBXResourcesBuildPhase section */

/* Begin PBXSourcesBuildPhase section */
		D600D9F4249EA49C000A5170 /* Sources */ = {
			isa = PBXSourcesBuildPhase;
			buildActionMask = 2147483647;
			files = (
				D600D9FE249EA49C000A5170 /* ContentView.swift in Sources */,
				D600D9FC249EA49C000A5170 /* AppDelegate.swift in Sources */,
			);
			runOnlyForDeploymentPostprocessing = 0;
		};
		D600DA09249EA49D000A5170 /* Sources */ = {
			isa = PBXSourcesBuildPhase;
			buildActionMask = 2147483647;
			files = (
				D600DA12249EA49D000A5170 /* swiftUI_CurrencyconvertTests.swift in Sources */,
			);
			runOnlyForDeploymentPostprocessing = 0;
		};
		D600DA14249EA49D000A5170 /* Sources */ = {
			isa = PBXSourcesBuildPhase;
			buildActionMask = 2147483647;
			files = (
				D600DA1D249EA49D000A5170 /* swiftUI_CurrencyconvertUITests.swift in Sources */,
			);
			runOnlyForDeploymentPostprocessing = 0;
		};
/* End PBXSourcesBuildPhase section */

/* Begin PBXTargetDependency section */
		D600DA0F249EA49D000A5170 /* PBXTargetDependency */ = {
			isa = PBXTargetDependency;
			target = D600D9F7249EA49C000A5170 /* swiftUI-Currencyconvert */;
			targetProxy = D600DA0E249EA49D000A5170 /* PBXContainerItemProxy */;
		};
		D600DA1A249EA49D000A5170 /* PBXTargetDependency */ = {
			isa = PBXTargetDependency;
			target = D600D9F7249EA49C000A5170 /* swiftUI-Currencyconvert */;
			targetProxy = D600DA19249EA49D000A5170 /* PBXContainerItemProxy */;
		};
/* End PBXTargetDependency section */

/* Begin PBXVariantGroup section */
		D600DA04249EA49D000A5170 /* Main.storyboard */ = {
			isa = PBXVariantGroup;
			children = (
				D600DA05249EA49D000A5170 /* Base */,
			);
			name = Main.storyboard;
			sourceTree = "<group>";
		};
/* End PBXVariantGroup section */

/* Begin XCBuildConfiguration section */
		D600DA1F249EA49D000A5170 /* Debug */ = {
			isa = XCBuildConfiguration;
			buildSettings = {
				ALWAYS_SEARCH_USER_PATHS = NO;
				CLANG_ANALYZER_NONNULL = YES;
				CLANG_ANALYZER_NUMBER_OBJECT_CONVERSION = YES_AGGRESSIVE;
				CLANG_CXX_LANGUAGE_STANDARD = "gnu++14";
				CLANG_CXX_LIBRARY = "libc++";
				CLANG_ENABLE_MODULES = YES;
				CLANG_ENABLE_OBJC_ARC = YES;
				CLANG_ENABLE_OBJC_WEAK = YES;
				CLANG_WARN_BLOCK_CAPTURE_AUTORELEASING = YES;
				CLANG_WARN_BOOL_CONVERSION = YES;
				CLANG_WARN_COMMA = YES;
				CLANG_WARN_CONSTANT_CONVERSION = YES;
				CLANG_WARN_DEPRECATED_OBJC_IMPLEMENTATIONS = YES;
				CLANG_WARN_DIRECT_OBJC_ISA_USAGE = YES_ERROR;
				CLANG_WARN_DOCUMENTATION_COMMENTS = YES;
				CLANG_WARN_EMPTY_BODY = YES;
				CLANG_WARN_ENUM_CONVERSION = YES;
				CLANG_WARN_INFINITE_RECURSION = YES;
				CLANG_WARN_INT_CONVERSION = YES;
				CLANG_WARN_NON_LITERAL_NULL_CONVERSION = YES;
				CLANG_WARN_OBJC_IMPLICIT_RETAIN_SELF = YES;
				CLANG_WARN_OBJC_LITERAL_CONVERSION = YES;
				CLANG_WARN_OBJC_ROOT_CLASS = YES_ERROR;
				CLANG_WARN_RANGE_LOOP_ANALYSIS = YES;
				CLANG_WARN_STRICT_PROTOTYPES = YES;
				CLANG_WARN_SUSPICIOUS_MOVE = YES;
				CLANG_WARN_UNGUARDED_AVAILABILITY = YES_AGGRESSIVE;
				CLANG_WARN_UNREACHABLE_CODE = YES;
				CLANG_WARN__DUPLICATE_METHOD_MATCH = YES;
				COPY_PHASE_STRIP = NO;
				DEBUG_INFORMATION_FORMAT = dwarf;
				ENABLE_STRICT_OBJC_MSGSEND = YES;
				ENABLE_TESTABILITY = YES;
				GCC_C_LANGUAGE_STANDARD = gnu11;
				GCC_DYNAMIC_NO_PIC = NO;
				GCC_NO_COMMON_BLOCKS = YES;
				GCC_OPTIMIZATION_LEVEL = 0;
				GCC_PREPROCESSOR_DEFINITIONS = (
					"DEBUG=1",
					"$(inherited)",
				);
				GCC_WARN_64_TO_32_BIT_CONVERSION = YES;
				GCC_WARN_ABOUT_RETURN_TYPE = YES_ERROR;
				GCC_WARN_UNDECLARED_SELECTOR = YES;
				GCC_WARN_UNINITIALIZED_AUTOS = YES_AGGRESSIVE;
				GCC_WARN_UNUSED_FUNCTION = YES;
				GCC_WARN_UNUSED_VARIABLE = YES;
				MACOSX_DEPLOYMENT_TARGET = 10.15;
				MTL_ENABLE_DEBUG_INFO = INCLUDE_SOURCE;
				MTL_FAST_MATH = YES;
				ONLY_ACTIVE_ARCH = YES;
				SDKROOT = macosx;
				SWIFT_ACTIVE_COMPILATION_CONDITIONS = DEBUG;
				SWIFT_OPTIMIZATION_LEVEL = "-Onone";
			};
			name = Debug;
		};
		D600DA20249EA49D000A5170 /* Release */ = {
			isa = XCBuildConfiguration;
			buildSettings = {
				ALWAYS_SEARCH_USER_PATHS = NO;
				CLANG_ANALYZER_NONNULL = YES;
				CLANG_ANALYZER_NUMBER_OBJECT_CONVERSION = YES_AGGRESSIVE;
				CLANG_CXX_LANGUAGE_STANDARD = "gnu++14";
				CLANG_CXX_LIBRARY = "libc++";
				CLANG_ENABLE_MODULES = YES;
				CLANG_ENABLE_OBJC_ARC = YES;
				CLANG_ENABLE_OBJC_WEAK = YES;
				CLANG_WARN_BLOCK_CAPTURE_AUTORELEASING = YES;
				CLANG_WARN_BOOL_CONVERSION = YES;
				CLANG_WARN_COMMA = YES;
				CLANG_WARN_CONSTANT_CONVERSION = YES;
				CLANG_WARN_DEPRECATED_OBJC_IMPLEMENTATIONS = YES;
				CLANG_WARN_DIRECT_OBJC_ISA_USAGE = YES_ERROR;
				CLANG_WARN_DOCUMENTATION_COMMENTS = YES;
				CLANG_WARN_EMPTY_BODY = YES;
				CLANG_WARN_ENUM_CONVERSION = YES;
				CLANG_WARN_INFINITE_RECURSION = YES;
				CLANG_WARN_INT_CONVERSION = YES;
				CLANG_WARN_NON_LITERAL_NULL_CONVERSION = YES;
				CLANG_WARN_OBJC_IMPLICIT_RETAIN_SELF = YES;
				CLANG_WARN_OBJC_LITERAL_CONVERSION = YES;
				CLANG_WARN_OBJC_ROOT_CLASS = YES_ERROR;
				CLANG_WARN_RANGE_LOOP_ANALYSIS = YES;
				CLANG_WARN_STRICT_PROTOTYPES = YES;
				CLANG_WARN_SUSPICIOUS_MOVE = YES;
				CLANG_WARN_UNGUARDED_AVAILABILITY = YES_AGGRESSIVE;
				CLANG_WARN_UNREACHABLE_CODE = YES;
				CLANG_WARN__DUPLICATE_METHOD_MATCH = YES;
				COPY_PHASE_STRIP = NO;
				DEBUG_INFORMATION_FORMAT = "dwarf-with-dsym";
				ENABLE_NS_ASSERTIONS = NO;
				ENABLE_STRICT_OBJC_MSGSEND = YES;
				GCC_C_LANGUAGE_STANDARD = gnu11;
				GCC_NO_COMMON_BLOCKS = YES;
				GCC_WARN_64_TO_32_BIT_CONVERSION = YES;
				GCC_WARN_ABOUT_RETURN_TYPE = YES_ERROR;
				GCC_WARN_UNDECLARED_SELECTOR = YES;
				GCC_WARN_UNINITIALIZED_AUTOS = YES_AGGRESSIVE;
				GCC_WARN_UNUSED_FUNCTION = YES;
				GCC_WARN_UNUSED_VARIABLE = YES;
				MACOSX_DEPLOYMENT_TARGET = 10.15;
				MTL_ENABLE_DEBUG_INFO = NO;
				MTL_FAST_MATH = YES;
				SDKROOT = macosx;
				SWIFT_COMPILATION_MODE = wholemodule;
				SWIFT_OPTIMIZATION_LEVEL = "-O";
			};
			name = Release;
		};
		D600DA22249EA49D000A5170 /* Debug */ = {
			isa = XCBuildConfiguration;
			buildSettings = {
				ASSETCATALOG_COMPILER_APPICON_NAME = AppIcon;
				CODE_SIGN_ENTITLEMENTS = "swiftUI-Currencyconvert/swiftUI_Currencyconvert.entitlements";
				CODE_SIGN_STYLE = Automatic;
				COMBINE_HIDPI_IMAGES = YES;
				DEVELOPMENT_ASSET_PATHS = "\"swiftUI-Currencyconvert/Preview Content\"";
				DEVELOPMENT_TEAM = JM9222EF99;
				ENABLE_HARDENED_RUNTIME = YES;
				ENABLE_PREVIEWS = YES;
				INFOPLIST_FILE = "swiftUI-Currencyconvert/Info.plist";
				LD_RUNPATH_SEARCH_PATHS = (
					"$(inherited)",
					"@executable_path/../Frameworks",
				);
				MACOSX_DEPLOYMENT_TARGET = 10.15;
				PRODUCT_BUNDLE_IDENTIFIER = "com.banshai.swiftUI-Currencyconvert";
				PRODUCT_NAME = "$(TARGET_NAME)";
				SWIFT_VERSION = 5.0;
			};
			name = Debug;
		};
		D600DA23249EA49D000A5170 /* Release */ = {
			isa = XCBuildConfiguration;
			buildSettings = {
				ASSETCATALOG_COMPILER_APPICON_NAME = AppIcon;
				CODE_SIGN_ENTITLEMENTS = "swiftUI-Currencyconvert/swiftUI_Currencyconvert.entitlements";
				CODE_SIGN_STYLE = Automatic;
				COMBINE_HIDPI_IMAGES = YES;
				DEVELOPMENT_ASSET_PATHS = "\"swiftUI-Currencyconvert/Preview Content\"";
				DEVELOPMENT_TEAM = JM9222EF99;
				ENABLE_HARDENED_RUNTIME = YES;
				ENABLE_PREVIEWS = YES;
				INFOPLIST_FILE = "swiftUI-Currencyconvert/Info.plist";
				LD_RUNPATH_SEARCH_PATHS = (
					"$(inherited)",
					"@executable_path/../Frameworks",
				);
				MACOSX_DEPLOYMENT_TARGET = 10.15;
				PRODUCT_BUNDLE_IDENTIFIER = "com.banshai.swiftUI-Currencyconvert";
				PRODUCT_NAME = "$(TARGET_NAME)";
				SWIFT_VERSION = 5.0;
			};
			name = Release;
		};
		D600DA25249EA49D000A5170 /* Debug */ = {
			isa = XCBuildConfiguration;
			buildSettings = {
				ALWAYS_EMBED_SWIFT_STANDARD_LIBRARIES = YES;
				BUNDLE_LOADER = "$(TEST_HOST)";
				CODE_SIGN_STYLE = Automatic;
				COMBINE_HIDPI_IMAGES = YES;
				DEVELOPMENT_TEAM = JM9222EF99;
				INFOPLIST_FILE = "swiftUI-CurrencyconvertTests/Info.plist";
				LD_RUNPATH_SEARCH_PATHS = (
					"$(inherited)",
					"@executable_path/../Frameworks",
					"@loader_path/../Frameworks",
				);
				MACOSX_DEPLOYMENT_TARGET = 10.15;
				PRODUCT_BUNDLE_IDENTIFIER = "com.banshai.swiftUI-CurrencyconvertTests";
				PRODUCT_NAME = "$(TARGET_NAME)";
				SWIFT_VERSION = 5.0;
				TEST_HOST = "$(BUILT_PRODUCTS_DIR)/swiftUI-Currencyconvert.app/Contents/MacOS/swiftUI-Currencyconvert";
			};
			name = Debug;
		};
		D600DA26249EA49D000A5170 /* Release */ = {
			isa = XCBuildConfiguration;
			buildSettings = {
				ALWAYS_EMBED_SWIFT_STANDARD_LIBRARIES = YES;
				BUNDLE_LOADER = "$(TEST_HOST)";
				CODE_SIGN_STYLE = Automatic;
				COMBINE_HIDPI_IMAGES = YES;
				DEVELOPMENT_TEAM = JM9222EF99;
				INFOPLIST_FILE = "swiftUI-CurrencyconvertTests/Info.plist";
				LD_RUNPATH_SEARCH_PATHS = (
					"$(inherited)",
					"@executable_path/../Frameworks",
					"@loader_path/../Frameworks",
				);
				MACOSX_DEPLOYMENT_TARGET = 10.15;
				PRODUCT_BUNDLE_IDENTIFIER = "com.banshai.swiftUI-CurrencyconvertTests";
				PRODUCT_NAME = "$(TARGET_NAME)";
				SWIFT_VERSION = 5.0;
				TEST_HOST = "$(BUILT_PRODUCTS_DIR)/swiftUI-Currencyconvert.app/Contents/MacOS/swiftUI-Currencyconvert";
			};
			name = Release;
		};
		D600DA28249EA49D000A5170 /* Debug */ = {
			isa = XCBuildConfiguration;
			buildSettings = {
				ALWAYS_EMBED_SWIFT_STANDARD_LIBRARIES = YES;
				CODE_SIGN_STYLE = Automatic;
				COMBINE_HIDPI_IMAGES = YES;
				DEVELOPMENT_TEAM = JM9222EF99;
				INFOPLIST_FILE = "swiftUI-CurrencyconvertUITests/Info.plist";
				LD_RUNPATH_SEARCH_PATHS = (
					"$(inherited)",
					"@executable_path/../Frameworks",
					"@loader_path/../Frameworks",
				);
				PRODUCT_BUNDLE_IDENTIFIER = "com.banshai.swiftUI-CurrencyconvertUITests";
				PRODUCT_NAME = "$(TARGET_NAME)";
				SWIFT_VERSION = 5.0;
				TEST_TARGET_NAME = "swiftUI-Currencyconvert";
			};
			name = Debug;
		};
		D600DA29249EA49D000A5170 /* Release */ = {
			isa = XCBuildConfiguration;
			buildSettings = {
				ALWAYS_EMBED_SWIFT_STANDARD_LIBRARIES = YES;
				CODE_SIGN_STYLE = Automatic;
				COMBINE_HIDPI_IMAGES = YES;
				DEVELOPMENT_TEAM = JM9222EF99;
				INFOPLIST_FILE = "swiftUI-CurrencyconvertUITests/Info.plist";
				LD_RUNPATH_SEARCH_PATHS = (
					"$(inherited)",
					"@executable_path/../Frameworks",
					"@loader_path/../Frameworks",
				);
				PRODUCT_BUNDLE_IDENTIFIER = "com.banshai.swiftUI-CurrencyconvertUITests";
				PRODUCT_NAME = "$(TARGET_NAME)";
				SWIFT_VERSION = 5.0;
				TEST_TARGET_NAME = "swiftUI-Currencyconvert";
			};
			name = Release;
		};
/* End XCBuildConfiguration section */

/* Begin XCConfigurationList section */
		D600D9F3249EA49C000A5170 /* Build configuration list for PBXProject "swiftUI-Currencyconvert" */ = {
			isa = XCConfigurationList;
			buildConfigurations = (
				D600DA1F249EA49D000A5170 /* Debug */,
				D600DA20249EA49D000A5170 /* Release */,
			);
			defaultConfigurationIsVisible = 0;
			defaultConfigurationName = Release;
		};
		D600DA21249EA49D000A5170 /* Build configuration list for PBXNativeTarget "swiftUI-Currencyconvert" */ = {
			isa = XCConfigurationList;
			buildConfigurations = (
				D600DA22249EA49D000A5170 /* Debug */,
				D600DA23249EA49D000A5170 /* Release */,
			);
			defaultConfigurationIsVisible = 0;
			defaultConfigurationName = Release;
		};
		D600DA24249EA49D000A5170 /* Build configuration list for PBXNativeTarget "swiftUI-CurrencyconvertTests" */ = {
			isa = XCConfigurationList;
			buildConfigurations = (
				D600DA25249EA49D000A5170 /* Debug */,
				D600DA26249EA49D000A5170 /* Release */,
			);
			defaultConfigurationIsVisible = 0;
			defaultConfigurationName = Release;
		};
		D600DA27249EA49D000A5170 /* Build configuration list for PBXNativeTarget "swiftUI-CurrencyconvertUITests" */ = {
			isa = XCConfigurationList;
			buildConfigurations = (
				D600DA28249EA49D000A5170 /* Debug */,
				D600DA29249EA49D000A5170 /* Release */,
			);
			defaultConfigurationIsVisible = 0;
			defaultConfigurationName = Release;
		};
/* End XCConfigurationList section */

/* Begin XCRemoteSwiftPackageReference section */
		D600DA2A249EAD81000A5170 /* XCRemoteSwiftPackageReference "tiny-networking" */ = {
			isa = XCRemoteSwiftPackageReference;
			repositoryURL = "https://github.com/objcio/tiny-networking";
			requirement = {
				branch = master;
				kind = branch;
			};
		};
/* End XCRemoteSwiftPackageReference section */

/* Begin XCSwiftPackageProductDependency section */
		D600DA2B249EAD81000A5170 /* TinyNetworking */ = {
			isa = XCSwiftPackageProductDependency;
			package = D600DA2A249EAD81000A5170 /* XCRemoteSwiftPackageReference "tiny-networking" */;
			productName = TinyNetworking;
		};
/* End XCSwiftPackageProductDependency section */
	};
	rootObject = D600D9F0249EA49C000A5170 /* Project object */;
}
